
Microsoft Visual Studio Solution File, Format Version 12.00
# Visual Studio 2012
Project("{FAE04EC0-301F-11D3-BF4B-00C04F79EFBC}") = "Ceriv", "Ceriv\Ceriv.csproj", "{B741A949-B635-446D-AF18-DFFFA15258DE}"
EndProject
Global
	GlobalSection(SolutionConfigurationPlatforms) = preSolution
		Debug|Any CPU = Debug|Any CPU
		Release|Any CPU = Release|Any CPU
	EndGlobalSection
	GlobalSection(ProjectConfigurationPlatforms) = postSolution
		{B741A949-B635-446D-AF18-DFFFA15258DE}.Debug|Any CPU.ActiveCfg = Debug|Any CPU
		{B741A949-B635-446D-AF18-DFFFA15258DE}.Debug|Any CPU.Build.0 = Debug|Any CPU
		{B741A949-B635-446D-AF18-DFFFA15258DE}.Release|Any CPU.ActiveCfg = Release|Any CPU
		{B741A949-B635-446D-AF18-DFFFA15258DE}.Release|Any CPU.Build.0 = Release|Any CPU
	EndGlobalSection
	GlobalSection(SolutionProperties) = preSolution
		HideSolutionNode = FALSE
	EndGlobalSection
EndGlobal
